
Microsoft Visual Studio Solution File, Format Version 12.00
# Visual Studio 15
VisualStudioVersion = 15.0.27004.2005
MinimumVisualStudioVersion = 10.0.40219.1
Project("{9A19103F-16F7-4668-BE54-9A1E7A4F7556}") = "Scout.Model.DB", "Model\Scout.Model.DB\Scout.Model.DB.csproj", "{E71FDCD9-0B5C-4CBA-B17C-1E5E55DAFE3A}"
EndProject
Project("{9A19103F-16F7-4668-BE54-9A1E7A4F7556}") = "Scout.Web.Api", "Web\Scout.Web.Api\Scout.Web.Api.csproj", "{43B61B7E-4AEF-47D0-B830-A5F23924DC7F}"
EndProject
Project("{9A19103F-16F7-4668-BE54-9A1E7A4F7556}") = "Scout.Core", "Core\Scout.Core\Scout.Core.csproj", "{4A5F6A91-2D63-47C6-85AF-798161ECE988}"
EndProject
Project("{9A19103F-16F7-4668-BE54-9A1E7A4F7556}") = "Scout.Core.Contract", "Core\Scout.Core.Contract\Scout.Core.Contract.csproj", "{6D273F9D-D18B-4566-B415-79B3FDD5CB45}"
EndProject
Project("{9A19103F-16F7-4668-BE54-9A1E7A4F7556}") = "Scout.Core.Bus", "Core\Scout.Core.Bus\Scout.Core.Bus.csproj", "{A55F9142-9C70-40FE-9DF2-9F7AF661DACA}"
EndProject
Project("{9A19103F-16F7-4668-BE54-9A1E7A4F7556}") = "Scout.Model.Contract", "Model\Scout.Model.Contract\Scout.Model.Contract.csproj", "{45FCFAD0-3C0C-4537-8135-71E2221BF755}"
EndProject
Project("{9A19103F-16F7-4668-BE54-9A1E7A4F7556}") = "Scout.Service", "Service\Scout.Service\Scout.Service.csproj", "{7F209AA1-B8BC-4DEE-B818-2A7CB16C2081}"
EndProject
Global
	GlobalSection(SolutionConfigurationPlatforms) = preSolution
		Debug|Any CPU = Debug|Any CPU
		Release|Any CPU = Release|Any CPU
	EndGlobalSection
	GlobalSection(ProjectConfigurationPlatforms) = postSolution
		{E71FDCD9-0B5C-4CBA-B17C-1E5E55DAFE3A}.Debug|Any CPU.ActiveCfg = Debug|Any CPU
		{E71FDCD9-0B5C-4CBA-B17C-1E5E55DAFE3A}.Debug|Any CPU.Build.0 = Debug|Any CPU
		{E71FDCD9-0B5C-4CBA-B17C-1E5E55DAFE3A}.Release|Any CPU.ActiveCfg = Release|Any CPU
		{E71FDCD9-0B5C-4CBA-B17C-1E5E55DAFE3A}.Release|Any CPU.Build.0 = Release|Any CPU
		{43B61B7E-4AEF-47D0-B830-A5F23924DC7F}.Debug|Any CPU.ActiveCfg = Debug|Any CPU
		{43B61B7E-4AEF-47D0-B830-A5F23924DC7F}.Debug|Any CPU.Build.0 = Debug|Any CPU
		{43B61B7E-4AEF-47D0-B830-A5F23924DC7F}.Release|Any CPU.ActiveCfg = Release|Any CPU
		{43B61B7E-4AEF-47D0-B830-A5F23924DC7F}.Release|Any CPU.Build.0 = Release|Any CPU
		{4A5F6A91-2D63-47C6-85AF-798161ECE988}.Debug|Any CPU.ActiveCfg = Debug|Any CPU
		{4A5F6A91-2D63-47C6-85AF-798161ECE988}.Debug|Any CPU.Build.0 = Debug|Any CPU
		{4A5F6A91-2D63-47C6-85AF-798161ECE988}.Release|Any CPU.ActiveCfg = Release|Any CPU
		{4A5F6A91-2D63-47C6-85AF-798161ECE988}.Release|Any CPU.Build.0 = Release|Any CPU
		{6D273F9D-D18B-4566-B415-79B3FDD5CB45}.Debug|Any CPU.ActiveCfg = Debug|Any CPU
		{6D273F9D-D18B-4566-B415-79B3FDD5CB45}.Debug|Any CPU.Build.0 = Debug|Any CPU
		{6D273F9D-D18B-4566-B415-79B3FDD5CB45}.Release|Any CPU.ActiveCfg = Release|Any CPU
		{6D273F9D-D18B-4566-B415-79B3FDD5CB45}.Release|Any CPU.Build.0 = Release|Any CPU
		{A55F9142-9C70-40FE-9DF2-9F7AF661DACA}.Debug|Any CPU.ActiveCfg = Debug|Any CPU
		{A55F9142-9C70-40FE-9DF2-9F7AF661DACA}.Debug|Any CPU.Build.0 = Debug|Any CPU
		{A55F9142-9C70-40FE-9DF2-9F7AF661DACA}.Release|Any CPU.ActiveCfg = Release|Any CPU
		{A55F9142-9C70-40FE-9DF2-9F7AF661DACA}.Release|Any CPU.Build.0 = Release|Any CPU
		{45FCFAD0-3C0C-4537-8135-71E2221BF755}.Debug|Any CPU.ActiveCfg = Debug|Any CPU
		{45FCFAD0-3C0C-4537-8135-71E2221BF755}.Debug|Any CPU.Build.0 = Debug|Any CPU
		{45FCFAD0-3C0C-4537-8135-71E2221BF755}.Release|Any CPU.ActiveCfg = Release|Any CPU
		{45FCFAD0-3C0C-4537-8135-71E2221BF755}.Release|Any CPU.Build.0 = Release|Any CPU
		{7F209AA1-B8BC-4DEE-B818-2A7CB16C2081}.Debug|Any CPU.ActiveCfg = Debug|Any CPU
		{7F209AA1-B8BC-4DEE-B818-2A7CB16C2081}.Debug|Any CPU.Build.0 = Debug|Any CPU
		{7F209AA1-B8BC-4DEE-B818-2A7CB16C2081}.Release|Any CPU.ActiveCfg = Release|Any CPU
		{7F209AA1-B8BC-4DEE-B818-2A7CB16C2081}.Release|Any CPU.Build.0 = Release|Any CPU
	EndGlobalSection
	GlobalSection(SolutionProperties) = preSolution
		HideSolutionNode = FALSE
	EndGlobalSection
	GlobalSection(ExtensibilityGlobals) = postSolution
		SolutionGuid = {7ED4E039-D51E-4512-AEFE-2EA8DCCD2FD7}
	EndGlobalSection
EndGlobal
