{
    "version": 3,
    "terraform_version": "0.11.8",
    "serial": 2,
    "lineage": "8db3177b-c23e-f9e7-7ee7-24c2f9f87c96",
    "modules": [
        {
            "path": [
                "root"
            ],
            "outputs": {},
            "resources": {
                "azurerm_dns_a_record.scout_dns_www": {
                    "type": "azurerm_dns_a_record",
                    "depends_on": [
                        "azurerm_dns_zone.scout_dns",
                        "azurerm_public_ip.scout-public-ip",
                        "azurerm_resource_group.scout-rg"
                    ],
                    "primary": {
                        "id": "/subscriptions/e97275a6-fd8f-41ab-9903-9f388eb6da6a/resourceGroups/scout/providers/Microsoft.Network/dnszones/scout.cloud/A/scout-dns-www",
                        "attributes": {
                            "id": "/subscriptions/e97275a6-fd8f-41ab-9903-9f388eb6da6a/resourceGroups/scout/providers/Microsoft.Network/dnszones/scout.cloud/A/scout-dns-www",
                            "name": "scout-dns-www",
                            "records.#": "1",
                            "records.1374984934": "104.42.76.226",
                            "resource_group_name": "scout",
                            "tags.%": "0",
                            "ttl": "300",
                            "zone_name": "scout.cloud"
                        },
                        "meta": {},
                        "tainted": false
                    },
                    "deposed": [],
                    "provider": "provider.azurerm"
                },
                "azurerm_dns_zone.scout_dns": {
                    "type": "azurerm_dns_zone",
                    "depends_on": [
                        "azurerm_resource_group.scout-rg"
                    ],
                    "primary": {
                        "id": "/subscriptions/e97275a6-fd8f-41ab-9903-9f388eb6da6a/resourceGroups/scout/providers/Microsoft.Network/dnszones/scout.cloud",
                        "attributes": {
                            "id": "/subscriptions/e97275a6-fd8f-41ab-9903-9f388eb6da6a/resourceGroups/scout/providers/Microsoft.Network/dnszones/scout.cloud",
                            "name": "scout.cloud",
                            "name_servers.#": "4",
                            "name_servers.2017178593": "ns1-09.azure-dns.com.",
                            "name_servers.2823344641": "ns3-09.azure-dns.org.",
                            "name_servers.3213934939": "ns2-09.azure-dns.net.",
                            "name_servers.3843044705": "ns4-09.azure-dns.info.",
                            "registration_virtual_network_ids.#": "0",
                            "resolution_virtual_network_ids.#": "0",
                            "resource_group_name": "scout",
                            "tags.%": "1",
                            "tags.Environment": "Production",
                            "zone_type": "Public"
                        },
                        "meta": {},
                        "tainted": false
                    },
                    "deposed": [],
                    "provider": "provider.azurerm"
                },
                "azurerm_network_security_group.scout-nsg-app": {
                    "type": "azurerm_network_security_group",
                    "depends_on": [
                        "azurerm_resource_group.scout-rg"
                    ],
                    "primary": {
                        "id": "/subscriptions/e97275a6-fd8f-41ab-9903-9f388eb6da6a/resourceGroups/scout/providers/Microsoft.Network/networkSecurityGroups/scout-nsg-app",
                        "attributes": {
                            "id": "/subscriptions/e97275a6-fd8f-41ab-9903-9f388eb6da6a/resourceGroups/scout/providers/Microsoft.Network/networkSecurityGroups/scout-nsg-app",
                            "location": "westus",
                            "name": "scout-nsg-app",
                            "resource_group_name": "scout",
                            "security_rule.#": "1",
                            "security_rule.1198930736.access": "Allow",
                            "security_rule.1198930736.description": "Allow only internet traffic in",
                            "security_rule.1198930736.destination_address_prefix": "10.0.1.0/28",
                            "security_rule.1198930736.destination_address_prefixes.#": "0",
                            "security_rule.1198930736.destination_application_security_group_ids.#": "0",
                            "security_rule.1198930736.destination_port_range": "443",
                            "security_rule.1198930736.destination_port_ranges.#": "0",
                            "security_rule.1198930736.direction": "Inbound",
                            "security_rule.1198930736.name": "AllowHttpsOnlyApp",
                            "security_rule.1198930736.priority": "256",
                            "security_rule.1198930736.protocol": "Tcp",
                            "security_rule.1198930736.source_address_prefix": "Internet",
                            "security_rule.1198930736.source_address_prefixes.#": "0",
                            "security_rule.1198930736.source_application_security_group_ids.#": "0",
                            "security_rule.1198930736.source_port_range": "*",
                            "security_rule.1198930736.source_port_ranges.#": "0",
                            "tags.%": "1",
                            "tags.Environment": "Production"
                        },
                        "meta": {},
                        "tainted": false
                    },
                    "deposed": [],
                    "provider": "provider.azurerm"
                },
                "azurerm_network_security_group.scout-nsg-database": {
                    "type": "azurerm_network_security_group",
                    "depends_on": [
                        "azurerm_resource_group.scout-rg"
                    ],
                    "primary": {
                        "id": "/subscriptions/e97275a6-fd8f-41ab-9903-9f388eb6da6a/resourceGroups/scout/providers/Microsoft.Network/networkSecurityGroups/scout-nsg-database",
                        "attributes": {
                            "id": "/subscriptions/e97275a6-fd8f-41ab-9903-9f388eb6da6a/resourceGroups/scout/providers/Microsoft.Network/networkSecurityGroups/scout-nsg-database",
                            "location": "westus",
                            "name": "scout-nsg-database",
                            "resource_group_name": "scout",
                            "security_rule.#": "1",
                            "security_rule.1128072457.access": "Allow",
                            "security_rule.1128072457.description": "Allow only internet traffic in",
                            "security_rule.1128072457.destination_address_prefix": "10.0.2.0/28",
                            "security_rule.1128072457.destination_address_prefixes.#": "0",
                            "security_rule.1128072457.destination_application_security_group_ids.#": "0",
                            "security_rule.1128072457.destination_port_range": "443",
                            "security_rule.1128072457.destination_port_ranges.#": "0",
                            "security_rule.1128072457.direction": "Inbound",
                            "security_rule.1128072457.name": "AllowOnlyVnetTrafficIn",
                            "security_rule.1128072457.priority": "766",
                            "security_rule.1128072457.protocol": "Tcp",
                            "security_rule.1128072457.source_address_prefix": "10.0.1.0/28",
                            "security_rule.1128072457.source_address_prefixes.#": "0",
                            "security_rule.1128072457.source_application_security_group_ids.#": "0",
                            "security_rule.1128072457.source_port_range": "*",
                            "security_rule.1128072457.source_port_ranges.#": "0",
                            "tags.%": "1",
                            "tags.Environment": "Production"
                        },
                        "meta": {},
                        "tainted": false
                    },
                    "deposed": [],
                    "provider": "provider.azurerm"
                },
                "azurerm_network_security_group.scout-nsg-keyvault": {
                    "type": "azurerm_network_security_group",
                    "depends_on": [
                        "azurerm_resource_group.scout-rg"
                    ],
                    "primary": {
                        "id": "/subscriptions/e97275a6-fd8f-41ab-9903-9f388eb6da6a/resourceGroups/scout/providers/Microsoft.Network/networkSecurityGroups/scout-nsg-app",
                        "attributes": {
                            "id": "/subscriptions/e97275a6-fd8f-41ab-9903-9f388eb6da6a/resourceGroups/scout/providers/Microsoft.Network/networkSecurityGroups/scout-nsg-app",
                            "location": "westus",
                            "name": "scout-nsg-app",
                            "resource_group_name": "scout",
                            "security_rule.#": "1",
                            "security_rule.2217693237.access": "Allow",
                            "security_rule.2217693237.description": "Allow only internet traffic in",
                            "security_rule.2217693237.destination_address_prefix": "10.0.3.0/28",
                            "security_rule.2217693237.destination_address_prefixes.#": "0",
                            "security_rule.2217693237.destination_application_security_group_ids.#": "0",
                            "security_rule.2217693237.destination_port_range": "*",
                            "security_rule.2217693237.destination_port_ranges.#": "0",
                            "security_rule.2217693237.direction": "Inbound",
                            "security_rule.2217693237.name": "AllowVirtualNetwork",
                            "security_rule.2217693237.priority": "256",
                            "security_rule.2217693237.protocol": "Tcp",
                            "security_rule.2217693237.source_address_prefix": "VirtualNetwork",
                            "security_rule.2217693237.source_address_prefixes.#": "0",
                            "security_rule.2217693237.source_application_security_group_ids.#": "0",
                            "security_rule.2217693237.source_port_range": "*",
                            "security_rule.2217693237.source_port_ranges.#": "0",
                            "tags.%": "1",
                            "tags.Environment": "Production"
                        },
                        "meta": {},
                        "tainted": false
                    },
                    "deposed": [],
                    "provider": "provider.azurerm"
                },
                "azurerm_public_ip.scout-public-ip": {
                    "type": "azurerm_public_ip",
                    "depends_on": [
                        "azurerm_resource_group.scout-rg"
                    ],
                    "primary": {
                        "id": "/subscriptions/e97275a6-fd8f-41ab-9903-9f388eb6da6a/resourceGroups/scout/providers/Microsoft.Network/publicIPAddresses/scout-public-ip",
                        "attributes": {
                            "id": "/subscriptions/e97275a6-fd8f-41ab-9903-9f388eb6da6a/resourceGroups/scout/providers/Microsoft.Network/publicIPAddresses/scout-public-ip",
                            "idle_timeout_in_minutes": "4",
                            "ip_address": "104.42.76.226",
                            "ip_version": "IPv4",
                            "location": "westus",
                            "name": "scout-public-ip",
                            "public_ip_address_allocation": "Static",
                            "resource_group_name": "scout",
                            "sku": "Basic",
                            "tags.%": "1",
                            "tags.environment": "Production",
                            "zones.#": "0"
                        },
                        "meta": {},
                        "tainted": false
                    },
                    "deposed": [],
                    "provider": "provider.azurerm"
                },
                "azurerm_resource_group.scout-rg": {
                    "type": "azurerm_resource_group",
                    "depends_on": [],
                    "primary": {
                        "id": "/subscriptions/e97275a6-fd8f-41ab-9903-9f388eb6da6a/resourceGroups/scout",
                        "attributes": {
                            "id": "/subscriptions/e97275a6-fd8f-41ab-9903-9f388eb6da6a/resourceGroups/scout",
                            "location": "westus",
                            "name": "scout",
                            "tags.%": "0"
                        },
                        "meta": {},
                        "tainted": false
                    },
                    "deposed": [],
                    "provider": "provider.azurerm"
                },
                "azurerm_route_table.scout-route-table": {
                    "type": "azurerm_route_table",
                    "depends_on": [
                        "azurerm_public_ip.scout-public-ip",
                        "azurerm_resource_group.scout-rg"
                    ],
                    "primary": {
                        "id": "/subscriptions/e97275a6-fd8f-41ab-9903-9f388eb6da6a/resourceGroups/scout/providers/Microsoft.Network/routeTables/scout-route-table",
                        "attributes": {
                            "disable_bgp_route_propagation": "false",
                            "id": "/subscriptions/e97275a6-fd8f-41ab-9903-9f388eb6da6a/resourceGroups/scout/providers/Microsoft.Network/routeTables/scout-route-table",
                            "location": "westus",
                            "name": "scout-route-table",
                            "resource_group_name": "scout",
                            "route.#": "1",
                            "route.0.address_prefix": "0.0.0.0/0",
                            "route.0.name": "firewall-rout",
                            "route.0.next_hop_in_ip_address": "104.42.76.226",
                            "route.0.next_hop_type": "VirtualAppliance",
                            "subnets.#": "0",
                            "tags.%": "0"
                        },
                        "meta": {},
                        "tainted": false
                    },
                    "deposed": [],
                    "provider": "provider.azurerm"
                },
                "azurerm_subnet.scout-subnet-app": {
                    "type": "azurerm_subnet",
                    "depends_on": [
                        "azurerm_resource_group.scout-rg",
                        "azurerm_virtual_network.scout-vnet"
                    ],
                    "primary": {
                        "id": "/subscriptions/e97275a6-fd8f-41ab-9903-9f388eb6da6a/resourceGroups/scout/providers/Microsoft.Network/virtualNetworks/scout-vnet/subnets/scout-subnet-app",
                        "attributes": {
                            "address_prefix": "10.0.1.0/28",
                            "id": "/subscriptions/e97275a6-fd8f-41ab-9903-9f388eb6da6a/resourceGroups/scout/providers/Microsoft.Network/virtualNetworks/scout-vnet/subnets/scout-subnet-app",
                            "ip_configurations.#": "0",
                            "name": "scout-subnet-app",
                            "network_security_group_id": "",
                            "resource_group_name": "scout",
                            "route_table_id": "",
                            "service_endpoints.#": "0",
                            "virtual_network_name": "scout-vnet"
                        },
                        "meta": {},
                        "tainted": false
                    },
                    "deposed": [],
                    "provider": "provider.azurerm"
                },
                "azurerm_subnet.scout-subnet-cosmosdb": {
                    "type": "azurerm_subnet",
                    "depends_on": [
                        "azurerm_resource_group.scout-rg",
                        "azurerm_virtual_network.scout-vnet"
                    ],
                    "primary": {
                        "id": "/subscriptions/e97275a6-fd8f-41ab-9903-9f388eb6da6a/resourceGroups/scout/providers/Microsoft.Network/virtualNetworks/scout-vnet/subnets/scout-subnet-cosmosdb",
                        "attributes": {
                            "address_prefix": "10.0.2.0/28",
                            "id": "/subscriptions/e97275a6-fd8f-41ab-9903-9f388eb6da6a/resourceGroups/scout/providers/Microsoft.Network/virtualNetworks/scout-vnet/subnets/scout-subnet-cosmosdb",
                            "ip_configurations.#": "0",
                            "name": "scout-subnet-cosmosdb",
                            "network_security_group_id": "",
                            "resource_group_name": "scout",
                            "route_table_id": "",
                            "service_endpoints.#": "1",
                            "service_endpoints.0": "Microsoft.AzureCosmosDB",
                            "virtual_network_name": "scout-vnet"
                        },
                        "meta": {},
                        "tainted": false
                    },
                    "deposed": [],
                    "provider": "provider.azurerm"
                },
                "azurerm_subnet.scout-subnet-firewall": {
                    "type": "azurerm_subnet",
                    "depends_on": [
                        "azurerm_resource_group.scout-rg",
                        "azurerm_virtual_network.scout-vnet"
                    ],
                    "primary": {
                        "id": "/subscriptions/e97275a6-fd8f-41ab-9903-9f388eb6da6a/resourceGroups/scout/providers/Microsoft.Network/virtualNetworks/scout-vnet/subnets/AzureFirewallSubnet",
                        "attributes": {
                            "address_prefix": "10.0.4.0/24",
                            "id": "/subscriptions/e97275a6-fd8f-41ab-9903-9f388eb6da6a/resourceGroups/scout/providers/Microsoft.Network/virtualNetworks/scout-vnet/subnets/AzureFirewallSubnet",
                            "ip_configurations.#": "0",
                            "name": "AzureFirewallSubnet",
                            "resource_group_name": "scout",
                            "route_table_id": "",
                            "service_endpoints.#": "0",
                            "virtual_network_name": "scout-vnet"
                        },
                        "meta": {},
                        "tainted": false
                    },
                    "deposed": [],
                    "provider": "provider.azurerm"
                },
                "azurerm_subnet.scout-subnet-keyvault": {
                    "type": "azurerm_subnet",
                    "depends_on": [
                        "azurerm_resource_group.scout-rg",
                        "azurerm_virtual_network.scout-vnet"
                    ],
                    "primary": {
                        "id": "/subscriptions/e97275a6-fd8f-41ab-9903-9f388eb6da6a/resourceGroups/scout/providers/Microsoft.Network/virtualNetworks/scout-vnet/subnets/scout-subnet-keyvault",
                        "attributes": {
                            "address_prefix": "10.0.3.0/28",
                            "id": "/subscriptions/e97275a6-fd8f-41ab-9903-9f388eb6da6a/resourceGroups/scout/providers/Microsoft.Network/virtualNetworks/scout-vnet/subnets/scout-subnet-keyvault",
                            "ip_configurations.#": "0",
                            "name": "scout-subnet-keyvault",
                            "network_security_group_id": "",
                            "resource_group_name": "scout",
                            "route_table_id": "",
                            "service_endpoints.#": "1",
                            "service_endpoints.0": "Microsoft.KeyVault",
                            "virtual_network_name": "scout-vnet"
                        },
                        "meta": {},
                        "tainted": false
                    },
                    "deposed": [],
                    "provider": "provider.azurerm"
                },
                "azurerm_subnet_network_security_group_association.protect-subnet-app": {
                    "type": "azurerm_subnet_network_security_group_association",
                    "depends_on": [
                        "azurerm_network_security_group.scout-nsg-app",
                        "azurerm_subnet.scout-subnet-app"
                    ],
                    "primary": {
                        "id": "/subscriptions/e97275a6-fd8f-41ab-9903-9f388eb6da6a/resourceGroups/scout/providers/Microsoft.Network/virtualNetworks/scout-vnet/subnets/scout-subnet-app",
                        "attributes": {
                            "id": "/subscriptions/e97275a6-fd8f-41ab-9903-9f388eb6da6a/resourceGroups/scout/providers/Microsoft.Network/virtualNetworks/scout-vnet/subnets/scout-subnet-app",
                            "network_security_group_id": "/subscriptions/e97275a6-fd8f-41ab-9903-9f388eb6da6a/resourceGroups/scout/providers/Microsoft.Network/networkSecurityGroups/scout-nsg-app",
                            "subnet_id": "/subscriptions/e97275a6-fd8f-41ab-9903-9f388eb6da6a/resourceGroups/scout/providers/Microsoft.Network/virtualNetworks/scout-vnet/subnets/scout-subnet-app"
                        },
                        "meta": {},
                        "tainted": false
                    },
                    "deposed": [],
                    "provider": "provider.azurerm"
                },
                "azurerm_subnet_network_security_group_association.protect-subnet-db": {
                    "type": "azurerm_subnet_network_security_group_association",
                    "depends_on": [
                        "azurerm_network_security_group.scout-nsg-database",
                        "azurerm_subnet.scout-subnet-cosmosdb"
                    ],
                    "primary": {
                        "id": "/subscriptions/e97275a6-fd8f-41ab-9903-9f388eb6da6a/resourceGroups/scout/providers/Microsoft.Network/virtualNetworks/scout-vnet/subnets/scout-subnet-cosmosdb",
                        "attributes": {
                            "id": "/subscriptions/e97275a6-fd8f-41ab-9903-9f388eb6da6a/resourceGroups/scout/providers/Microsoft.Network/virtualNetworks/scout-vnet/subnets/scout-subnet-cosmosdb",
                            "network_security_group_id": "/subscriptions/e97275a6-fd8f-41ab-9903-9f388eb6da6a/resourceGroups/scout/providers/Microsoft.Network/networkSecurityGroups/scout-nsg-database",
                            "subnet_id": "/subscriptions/e97275a6-fd8f-41ab-9903-9f388eb6da6a/resourceGroups/scout/providers/Microsoft.Network/virtualNetworks/scout-vnet/subnets/scout-subnet-cosmosdb"
                        },
                        "meta": {},
                        "tainted": false
                    },
                    "deposed": [],
                    "provider": "provider.azurerm"
                },
                "azurerm_subnet_network_security_group_association.protect-subnet-keyvault": {
                    "type": "azurerm_subnet_network_security_group_association",
                    "depends_on": [
                        "azurerm_network_security_group.scout-nsg-keyvault",
                        "azurerm_subnet.scout-subnet-keyvault"
                    ],
                    "primary": {
                        "id": "/subscriptions/e97275a6-fd8f-41ab-9903-9f388eb6da6a/resourceGroups/scout/providers/Microsoft.Network/virtualNetworks/scout-vnet/subnets/scout-subnet-keyvault",
                        "attributes": {
                            "id": "/subscriptions/e97275a6-fd8f-41ab-9903-9f388eb6da6a/resourceGroups/scout/providers/Microsoft.Network/virtualNetworks/scout-vnet/subnets/scout-subnet-keyvault",
                            "network_security_group_id": "/subscriptions/e97275a6-fd8f-41ab-9903-9f388eb6da6a/resourceGroups/scout/providers/Microsoft.Network/networkSecurityGroups/scout-nsg-app",
                            "subnet_id": "/subscriptions/e97275a6-fd8f-41ab-9903-9f388eb6da6a/resourceGroups/scout/providers/Microsoft.Network/virtualNetworks/scout-vnet/subnets/scout-subnet-keyvault"
                        },
                        "meta": {},
                        "tainted": false
                    },
                    "deposed": [],
                    "provider": "provider.azurerm"
                },
                "azurerm_virtual_network.scout-vnet": {
                    "type": "azurerm_virtual_network",
                    "depends_on": [
                        "azurerm_resource_group.scout-rg"
                    ],
                    "primary": {
                        "id": "/subscriptions/e97275a6-fd8f-41ab-9903-9f388eb6da6a/resourceGroups/scout/providers/Microsoft.Network/virtualNetworks/scout-vnet",
                        "attributes": {
                            "address_space.#": "1",
                            "address_space.0": "10.0.0.0/16",
                            "dns_servers.#": "0",
                            "id": "/subscriptions/e97275a6-fd8f-41ab-9903-9f388eb6da6a/resourceGroups/scout/providers/Microsoft.Network/virtualNetworks/scout-vnet",
                            "location": "westus",
                            "name": "scout-vnet",
                            "resource_group_name": "scout",
                            "subnet.#": "4",
                            "subnet.2882551410.address_prefix": "10.0.1.0/28",
                            "subnet.2882551410.id": "/subscriptions/e97275a6-fd8f-41ab-9903-9f388eb6da6a/resourceGroups/scout/providers/Microsoft.Network/virtualNetworks/scout-vnet/subnets/scout-subnet-app",
                            "subnet.2882551410.name": "scout-subnet-app",
                            "subnet.2882551410.security_group": "/subscriptions/e97275a6-fd8f-41ab-9903-9f388eb6da6a/resourceGroups/scout/providers/Microsoft.Network/networkSecurityGroups/scout-nsg-app",
                            "subnet.3026052392.address_prefix": "10.0.3.0/28",
                            "subnet.3026052392.id": "/subscriptions/e97275a6-fd8f-41ab-9903-9f388eb6da6a/resourceGroups/scout/providers/Microsoft.Network/virtualNetworks/scout-vnet/subnets/scout-subnet-keyvault",
                            "subnet.3026052392.name": "scout-subnet-keyvault",
                            "subnet.3026052392.security_group": "/subscriptions/e97275a6-fd8f-41ab-9903-9f388eb6da6a/resourceGroups/scout/providers/Microsoft.Network/networkSecurityGroups/scout-nsg-app",
                            "subnet.4002942842.address_prefix": "10.0.4.0/24",
                            "subnet.4002942842.id": "/subscriptions/e97275a6-fd8f-41ab-9903-9f388eb6da6a/resourceGroups/scout/providers/Microsoft.Network/virtualNetworks/scout-vnet/subnets/AzureFirewallSubnet",
                            "subnet.4002942842.name": "AzureFirewallSubnet",
                            "subnet.4002942842.security_group": "",
                            "subnet.4048293950.address_prefix": "10.0.2.0/28",
                            "subnet.4048293950.id": "/subscriptions/e97275a6-fd8f-41ab-9903-9f388eb6da6a/resourceGroups/scout/providers/Microsoft.Network/virtualNetworks/scout-vnet/subnets/scout-subnet-cosmosdb",
                            "subnet.4048293950.name": "scout-subnet-cosmosdb",
                            "subnet.4048293950.security_group": "/subscriptions/e97275a6-fd8f-41ab-9903-9f388eb6da6a/resourceGroups/scout/providers/Microsoft.Network/networkSecurityGroups/scout-nsg-database",
                            "tags.%": "1",
                            "tags.Environment": "Production"
                        },
                        "meta": {},
                        "tainted": false
                    },
                    "deposed": [],
                    "provider": "provider.azurerm"
                },
                "data.azurerm_client_config.scout_config": {
                    "type": "azurerm_client_config",
                    "depends_on": [],
                    "primary": {
                        "id": "2019-01-25 04:48:47.916069 +0000 UTC",
                        "attributes": {
                            "client_id": "ef01a437-884b-4f54-a0d5-b57eec5d01bf",
                            "id": "2019-01-25 04:48:47.916069 +0000 UTC",
                            "service_principal_application_id": "ef01a437-884b-4f54-a0d5-b57eec5d01bf",
                            "service_principal_object_id": "ca83b558-2908-44e8-a7d3-53c920d59b03",
                            "subscription_id": "e97275a6-fd8f-41ab-9903-9f388eb6da6a",
                            "tenant_id": "c6d4c62b-3ef5-4b31-94bc-438263d4ede2"
                        },
                        "meta": {},
                        "tainted": false
                    },
                    "deposed": [],
                    "provider": "provider.azurerm"
                }
            },
            "depends_on": []
        }
    ]
}
